
Microsoft Visual Studio Solution File, Format Version 12.00
# Visual Studio Version 17
VisualStudioVersion = 17.10.35013.160
MinimumVisualStudioVersion = 10.0.40219.1
Project("{9A19103F-16F7-4668-BE54-9A1E7A4F7556}") = "medAPI", "mediAPI\medAPI.csproj", "{32E4F239-5312-48D5-A87E-1D46E9AA1634}"
EndProject
Global
	GlobalSection(SolutionConfigurationPlatforms) = preSolution
		Debug|Any CPU = Debug|Any CPU
		Release|Any CPU = Release|Any CPU
	EndGlobalSection
	GlobalSection(ProjectConfigurationPlatforms) = postSolution
		{32E4F239-5312-48D5-A87E-1D46E9AA1634}.Debug|Any CPU.ActiveCfg = Debug|Any CPU
		{32E4F239-5312-48D5-A87E-1D46E9AA1634}.Debug|Any CPU.Build.0 = Debug|Any CPU
		{32E4F239-5312-48D5-A87E-1D46E9AA1634}.Release|Any CPU.ActiveCfg = Release|Any CPU
		{32E4F239-5312-48D5-A87E-1D46E9AA1634}.Release|Any CPU.Build.0 = Release|Any CPU
	EndGlobalSection
	GlobalSection(SolutionProperties) = preSolution
		HideSolutionNode = FALSE
	EndGlobalSection
	GlobalSection(ExtensibilityGlobals) = postSolution
		SolutionGuid = {A0584A49-B06C-411B-A075-6B2C142AA50B}
	EndGlobalSection
EndGlobal
